
Microsoft Visual Studio Solution File, Format Version 12.00
# Visual Studio Version 17
VisualStudioVersion = 17.11.35312.102
MinimumVisualStudioVersion = 10.0.40219.1
Project("{FAE04EC0-301F-11D3-BF4B-00C04F79EFBC}") = "IColorifyLib", "IColorifyLib\IColorifyLib.csproj", "{7EAC88D8-0ECD-412F-967B-8E7511A832E5}"
EndProject
Project("{FAE04EC0-301F-11D3-BF4B-00C04F79EFBC}") = "IColorify", "IColorify\IColorify.csproj", "{51607BE4-0BD8-4768-889A-D2C434854BE4}"
EndProject
Global
	GlobalSection(SolutionConfigurationPlatforms) = preSolution
		Debug|Any CPU = Debug|Any CPU
		Debug|x64 = Debug|x64
		Release|Any CPU = Release|Any CPU
		Release|x64 = Release|x64
	EndGlobalSection
	GlobalSection(ProjectConfigurationPlatforms) = postSolution
		{7EAC88D8-0ECD-412F-967B-8E7511A832E5}.Debug|Any CPU.ActiveCfg = Debug|Any CPU
		{7EAC88D8-0ECD-412F-967B-8E7511A832E5}.Debug|Any CPU.Build.0 = Debug|Any CPU
		{7EAC88D8-0ECD-412F-967B-8E7511A832E5}.Debug|x64.ActiveCfg = Debug|Any CPU
		{7EAC88D8-0ECD-412F-967B-8E7511A832E5}.Debug|x64.Build.0 = Debug|Any CPU
		{7EAC88D8-0ECD-412F-967B-8E7511A832E5}.Release|Any CPU.ActiveCfg = Release|Any CPU
		{7EAC88D8-0ECD-412F-967B-8E7511A832E5}.Release|Any CPU.Build.0 = Release|Any CPU
		{7EAC88D8-0ECD-412F-967B-8E7511A832E5}.Release|x64.ActiveCfg = Release|Any CPU
		{7EAC88D8-0ECD-412F-967B-8E7511A832E5}.Release|x64.Build.0 = Release|Any CPU
		{51607BE4-0BD8-4768-889A-D2C434854BE4}.Debug|Any CPU.ActiveCfg = Debug|Any CPU
		{51607BE4-0BD8-4768-889A-D2C434854BE4}.Debug|Any CPU.Build.0 = Debug|Any CPU
		{51607BE4-0BD8-4768-889A-D2C434854BE4}.Debug|x64.ActiveCfg = Debug|Any CPU
		{51607BE4-0BD8-4768-889A-D2C434854BE4}.Debug|x64.Build.0 = Debug|Any CPU
		{51607BE4-0BD8-4768-889A-D2C434854BE4}.Release|Any CPU.ActiveCfg = Release|Any CPU
		{51607BE4-0BD8-4768-889A-D2C434854BE4}.Release|Any CPU.Build.0 = Release|Any CPU
		{51607BE4-0BD8-4768-889A-D2C434854BE4}.Release|x64.ActiveCfg = Release|Any CPU
		{51607BE4-0BD8-4768-889A-D2C434854BE4}.Release|x64.Build.0 = Release|Any CPU
	EndGlobalSection
	GlobalSection(SolutionProperties) = preSolution
		HideSolutionNode = FALSE
	EndGlobalSection
	GlobalSection(ExtensibilityGlobals) = postSolution
		SolutionGuid = {5B1F6CFA-6CFC-48E1-AFB2-10069258F5C8}
	EndGlobalSection
EndGlobal
